
Microsoft Visual Studio Solution File, Format Version 12.00
# Visual Studio Version 16
VisualStudioVersion = 16.0.29009.5
MinimumVisualStudioVersion = 10.0.40219.1
Project("{FAE04EC0-301F-11D3-BF4B-00C04F79EFBC}") = "Unians.University.Api", "Unians.University.Api\Unians.University.Api.csproj", "{929AA8BD-4513-4742-8FA8-4E89C7FAC912}"
EndProject
Project("{FAE04EC0-301F-11D3-BF4B-00C04F79EFBC}") = "Unians.University.Api.Data", "Unians.University.Api.Data\Unians.University.Api.Data.csproj", "{7451A2D0-C4E2-4EF2-AC5B-02D429758C25}"
EndProject
Project("{FAE04EC0-301F-11D3-BF4B-00C04F79EFBC}") = "Unians.University.Data", "Unians.University.Data\Unians.University.Data.csproj", "{C7EC9E40-C91F-48B0-B816-FC9A2651967B}"
EndProject
Global
	GlobalSection(SolutionConfigurationPlatforms) = preSolution
		Debug|Any CPU = Debug|Any CPU
		Release|Any CPU = Release|Any CPU
	EndGlobalSection
	GlobalSection(ProjectConfigurationPlatforms) = postSolution
		{929AA8BD-4513-4742-8FA8-4E89C7FAC912}.Debug|Any CPU.ActiveCfg = Debug|Any CPU
		{929AA8BD-4513-4742-8FA8-4E89C7FAC912}.Debug|Any CPU.Build.0 = Debug|Any CPU
		{929AA8BD-4513-4742-8FA8-4E89C7FAC912}.Release|Any CPU.ActiveCfg = Release|Any CPU
		{929AA8BD-4513-4742-8FA8-4E89C7FAC912}.Release|Any CPU.Build.0 = Release|Any CPU
		{7451A2D0-C4E2-4EF2-AC5B-02D429758C25}.Debug|Any CPU.ActiveCfg = Debug|Any CPU
		{7451A2D0-C4E2-4EF2-AC5B-02D429758C25}.Debug|Any CPU.Build.0 = Debug|Any CPU
		{7451A2D0-C4E2-4EF2-AC5B-02D429758C25}.Release|Any CPU.ActiveCfg = Release|Any CPU
		{7451A2D0-C4E2-4EF2-AC5B-02D429758C25}.Release|Any CPU.Build.0 = Release|Any CPU
		{C7EC9E40-C91F-48B0-B816-FC9A2651967B}.Debug|Any CPU.ActiveCfg = Debug|Any CPU
		{C7EC9E40-C91F-48B0-B816-FC9A2651967B}.Debug|Any CPU.Build.0 = Debug|Any CPU
		{C7EC9E40-C91F-48B0-B816-FC9A2651967B}.Release|Any CPU.ActiveCfg = Release|Any CPU
		{C7EC9E40-C91F-48B0-B816-FC9A2651967B}.Release|Any CPU.Build.0 = Release|Any CPU
	EndGlobalSection
	GlobalSection(SolutionProperties) = preSolution
		HideSolutionNode = FALSE
	EndGlobalSection
	GlobalSection(ExtensibilityGlobals) = postSolution
		SolutionGuid = {19E38C0F-02EA-4B81-842B-C76197BD4D4F}
	EndGlobalSection
EndGlobal
